
Microsoft Visual Studio Solution File, Format Version 12.00
# Visual Studio Version 17
VisualStudioVersion = 17.0.31717.71
MinimumVisualStudioVersion = 10.0.40219.1
Project("{9A19103F-16F7-4668-BE54-9A1E7A4F7556}") = "BaseNumberApp", "BaseNumberApp.csproj", "{F5601934-F08C-45C7-A44C-D0B08207ED6E}"
EndProject
Global
	GlobalSection(SolutionConfigurationPlatforms) = preSolution
		Debug|Any CPU = Debug|Any CPU
		Release|Any CPU = Release|Any CPU
	EndGlobalSection
	GlobalSection(ProjectConfigurationPlatforms) = postSolution
		{F5601934-F08C-45C7-A44C-D0B08207ED6E}.Debug|Any CPU.ActiveCfg = Debug|Any CPU
		{F5601934-F08C-45C7-A44C-D0B08207ED6E}.Debug|Any CPU.Build.0 = Debug|Any CPU
		{F5601934-F08C-45C7-A44C-D0B08207ED6E}.Release|Any CPU.ActiveCfg = Release|Any CPU
		{F5601934-F08C-45C7-A44C-D0B08207ED6E}.Release|Any CPU.Build.0 = Release|Any CPU
	EndGlobalSection
	GlobalSection(SolutionProperties) = preSolution
		HideSolutionNode = FALSE
	EndGlobalSection
	GlobalSection(ExtensibilityGlobals) = postSolution
		SolutionGuid = {430CB752-9052-48F2-9092-6F5EF27687A8}
	EndGlobalSection
EndGlobal